
Microsoft Visual Studio Solution File, Format Version 12.00
# Visual Studio 15
VisualStudioVersion = 15.0.27428.2043
MinimumVisualStudioVersion = 10.0.40219.1
Project("{FAE04EC0-301F-11D3-BF4B-00C04F79EFBC}") = "TestiRobotti", "TestiRobotti\TestiRobotti.csproj", "{BDC50347-6D36-4D3C-8602-EC3E1336ADD1}"
EndProject
Global
	GlobalSection(SolutionConfigurationPlatforms) = preSolution
		Debug|Any CPU = Debug|Any CPU
		Release|Any CPU = Release|Any CPU
	EndGlobalSection
	GlobalSection(ProjectConfigurationPlatforms) = postSolution
		{BDC50347-6D36-4D3C-8602-EC3E1336ADD1}.Debug|Any CPU.ActiveCfg = Debug|Any CPU
		{BDC50347-6D36-4D3C-8602-EC3E1336ADD1}.Debug|Any CPU.Build.0 = Debug|Any CPU
		{BDC50347-6D36-4D3C-8602-EC3E1336ADD1}.Release|Any CPU.ActiveCfg = Release|Any CPU
		{BDC50347-6D36-4D3C-8602-EC3E1336ADD1}.Release|Any CPU.Build.0 = Release|Any CPU
	EndGlobalSection
	GlobalSection(SolutionProperties) = preSolution
		HideSolutionNode = FALSE
	EndGlobalSection
	GlobalSection(ExtensibilityGlobals) = postSolution
		SolutionGuid = {1A426264-9D28-412A-BE60-230F3C8E285A}
	EndGlobalSection
EndGlobal
